
Microsoft Visual Studio Solution File, Format Version 12.00
# Visual Studio Version 16
VisualStudioVersion = 16.0.30225.117
MinimumVisualStudioVersion = 10.0.40219.1
Project("{FAE04EC0-301F-11D3-BF4B-00C04F79EFBC}") = "Calculator2", "Calculator2\Calculator2.csproj", "{DA1FF3E4-4DD2-4B42-8FE5-0927A0CABF25}"
EndProject
Global
	GlobalSection(SolutionConfigurationPlatforms) = preSolution
		Debug|Any CPU = Debug|Any CPU
		Release|Any CPU = Release|Any CPU
	EndGlobalSection
	GlobalSection(ProjectConfigurationPlatforms) = postSolution
		{DA1FF3E4-4DD2-4B42-8FE5-0927A0CABF25}.Debug|Any CPU.ActiveCfg = Debug|Any CPU
		{DA1FF3E4-4DD2-4B42-8FE5-0927A0CABF25}.Debug|Any CPU.Build.0 = Debug|Any CPU
		{DA1FF3E4-4DD2-4B42-8FE5-0927A0CABF25}.Release|Any CPU.ActiveCfg = Release|Any CPU
		{DA1FF3E4-4DD2-4B42-8FE5-0927A0CABF25}.Release|Any CPU.Build.0 = Release|Any CPU
	EndGlobalSection
	GlobalSection(SolutionProperties) = preSolution
		HideSolutionNode = FALSE
	EndGlobalSection
	GlobalSection(ExtensibilityGlobals) = postSolution
		SolutionGuid = {5FBAD43A-ADDA-443C-A45F-499937D657EE}
	EndGlobalSection
EndGlobal
